lockfileVersion: '9.0'

settings:
  autoInstallPeers: true
  excludeLinksFromLockfile: false

importers:

  .:
    dependencies:
      '@bufbuild/protobuf':
        specifier: ^1.7.2
        version: 1.10.0
      '@connectrpc/connect':
        specifier: ^2.0.1
        version: 2.0.2(@bufbuild/protobuf@1.10.0)
      '@connectrpc/connect-node':
        specifier: ^2.0.1
        version: 2.0.2(@bufbuild/protobuf@1.10.0)(@connectrpc/connect@2.0.2(@bufbuild/protobuf@1.10.0))
      proto-lib:
        specifier: file:../proto-lib
        version: file:../proto-lib
    devDependencies:
      '@types/node':
        specifier: ^22.13.17
        version: 22.13.17
      typescript:
        specifier: ^5.8.2
        version: 5.8.2

packages:

  '@bufbuild/protobuf@1.10.0':
    resolution: {integrity: sha512-QDdVFLoN93Zjg36NoQPZfsVH9tZew7wKDKyV5qRdj8ntT4wQCOradQjRaTdwMhWUYsgKsvCINKKm87FdEk96Ag==}

  '@bufbuild/protoc-gen-es@1.10.0':
    resolution: {integrity: sha512-zBYBsVT/ul4uZb6F+kD7/k4sWNHVVbEPfJwKi0FDr+9VJo8MKIofI6pkr5ksBLr4fi/74r+e/75Xi/0clL5dXg==}
    engines: {node: '>=14'}
    hasBin: true
    peerDependencies:
      '@bufbuild/protobuf': 1.10.0
    peerDependenciesMeta:
      '@bufbuild/protobuf':
        optional: true

  '@bufbuild/protoplugin@1.10.0':
    resolution: {integrity: sha512-u6NE4vL0lw1+EK4/PiE/SQB7fKO4LRJNTEScIXVOi2x88K/c8WKc/k0KyEaA0asVBMpwekJQZGnRyj04ZtN5Gg==}

  '@connectrpc/connect-node@2.0.2':
    resolution: {integrity: sha512-33Ut3SRkb6SugpwVCtXXRvUrOdtiyG6z6d5+eijBOLOI75sw1tDCwcs0o/9WL3rUj1M08dLUrPmJB47fjpv6EA==}
    engines: {node: '>=18.14.1'}
    peerDependencies:
      '@bufbuild/protobuf': ^2.2.0
      '@connectrpc/connect': 2.0.2

  '@connectrpc/connect@2.0.2':
    resolution: {integrity: sha512-xZuylIUNvNlH52e/4eQsZvY4QZyDJRtEFEDnn/yBrv5Xi5ZZI/p8X+GAHH35ucVaBvv9u7OzHZo8+tEh1EFTxA==}
    peerDependencies:
      '@bufbuild/protobuf': ^2.2.0

  '@types/node@22.13.17':
    resolution: {integrity: sha512-nAJuQXoyPj04uLgu+obZcSmsfOenUg6DxPKogeUy6yNCFwWaj5sBF8/G/pNo8EtBJjAfSVgfIlugR/BCOleO+g==}

  '@typescript/vfs@1.6.1':
    resolution: {integrity: sha512-JwoxboBh7Oz1v38tPbkrZ62ZXNHAk9bJ7c9x0eI5zBfBnBYGhURdbnh7Z4smN/MV48Y5OCcZb58n972UtbazsA==}
    peerDependencies:
      typescript: '*'

  debug@4.4.0:
    resolution: {integrity: sha512-6WTZ/IxCY/T6BALoZHaE4ctp9xm+Z5kY/pzYaCHRFeyVhojxlrm+46y68HA6hr0TcwEssoxNiDEUJQjfPZ/RYA==}
    engines: {node: '>=6.0'}
    peerDependencies:
      supports-color: '*'
    peerDependenciesMeta:
      supports-color:
        optional: true

  ms@2.1.3:
    resolution: {integrity: sha512-6FlzubTLZG3J2a/NVCAleEhjzq5oxgHyaCU9yYXvcLsvoVaHJq/s5xXI6/XXP6tz7R9xAOtHnSO/tXtF3WRTlA==}

  proto-lib@file:../proto-lib:
    resolution: {directory: ../proto-lib, type: directory}

  typescript@4.5.2:
    resolution: {integrity: sha512-5BlMof9H1yGt0P8/WF+wPNw6GfctgGjXp5hkblpyT+8rkASSmkUKMXrxR0Xg8ThVCi/JnHQiKXeBaEwCeQwMFw==}
    engines: {node: '>=4.2.0'}
    hasBin: true

  typescript@5.8.2:
    resolution: {integrity: sha512-aJn6wq13/afZp/jT9QZmwEjDqqvSGp1VT5GVg+f/t6/oVyrgXM6BY1h9BRh/O5p3PlUPAe+WuiEZOmb/49RqoQ==}
    engines: {node: '>=14.17'}
    hasBin: true

  undici-types@6.20.0:
    resolution: {integrity: sha512-Ny6QZ2Nju20vw1SRHe3d9jVu6gJ+4e3+MMpqu7pqE5HT6WsTSlce++GQmK5UXS8mzV8DSYHrQH+Xrf2jVcuKNg==}

snapshots:

  '@bufbuild/protobuf@1.10.0': {}

  '@bufbuild/protoc-gen-es@1.10.0(@bufbuild/protobuf@1.10.0)':
    dependencies:
      '@bufbuild/protoplugin': 1.10.0
    optionalDependencies:
      '@bufbuild/protobuf': 1.10.0
    transitivePeerDependencies:
      - supports-color

  '@bufbuild/protoplugin@1.10.0':
    dependencies:
      '@bufbuild/protobuf': 1.10.0
      '@typescript/vfs': 1.6.1(typescript@4.5.2)
      typescript: 4.5.2
    transitivePeerDependencies:
      - supports-color

  '@connectrpc/connect-node@2.0.2(@bufbuild/protobuf@1.10.0)(@connectrpc/connect@2.0.2(@bufbuild/protobuf@1.10.0))':
    dependencies:
      '@bufbuild/protobuf': 1.10.0
      '@connectrpc/connect': 2.0.2(@bufbuild/protobuf@1.10.0)

  '@connectrpc/connect@2.0.2(@bufbuild/protobuf@1.10.0)':
    dependencies:
      '@bufbuild/protobuf': 1.10.0

  '@types/node@22.13.17':
    dependencies:
      undici-types: 6.20.0

  '@typescript/vfs@1.6.1(typescript@4.5.2)':
    dependencies:
      debug: 4.4.0
      typescript: 4.5.2
    transitivePeerDependencies:
      - supports-color

  debug@4.4.0:
    dependencies:
      ms: 2.1.3

  ms@2.1.3: {}

  proto-lib@file:../proto-lib:
    dependencies:
      '@bufbuild/protobuf': 1.10.0
      '@bufbuild/protoc-gen-es': 1.10.0(@bufbuild/protobuf@1.10.0)
    transitivePeerDependencies:
      - supports-color

  typescript@4.5.2: {}

  typescript@5.8.2: {}

  undici-types@6.20.0: {}
